{
  "lockfileVersion": 1,
  "configVersion": 1,
  "workspaces": {
    "": {
      "name": "@fheforge/bridge-integration",
      "devDependencies": {
        "@babel/standalone": "7.29.0",
        "typescript": "^5.0.0",
      },
    },
  },
  "packages": {
    "@babel/standalone": ["@babel/standalone@7.29.0", "", {}, "sha512-ZbVDXDodISaxYugID/OCXRv6kMnADgTnHqNtSm2oBq4vHI81uFkbxXtdlSlguYe3BB4HiFwZ5kxa1kjrLMOuWg=="],

    "typescript": ["typescript@5.9.3", "", { "bin": { "tsc": "bin/tsc", "tsserver": "bin/tsserver" } }, "sha512-jl1vZzPDinLr9eUt3J/t7V6FgNEw9QjvBPdysz9KfQDD41fQrC2Y4vKQdiaUpFT4bXlb1RHhLpp8wtm6M5TgSw=="],
  }
}
